{
  "name": "node-js-getting-started",
  "version": "0.3.0",
  "lockfileVersion": 1,
  "requires": true,
  "dependencies": {
    "bcrypt-nodejs": {
      "version": "0.0.3",
      "resolved": "http://registry.npm.taobao.org/bcrypt-nodejs/download/bcrypt-nodejs-0.0.3.tgz"
    },
    "body-parser": {
      "version": "1.18.3",
      "resolved": "http://registry.npm.taobao.org/body-parser/download/body-parser-1.18.3.tgz",
      "dependencies": {
        "bytes": {
          "version": "http://registry.npm.taobao.org/bytes/download/bytes-3.0.0.tgz"
        },
        "content-type": {
          "version": "http://registry.npm.taobao.org/content-type/download/content-type-1.0.4.tgz"
        },
        "debug": {
          "version": "http://registry.npm.taobao.org/debug/download/debug-2.6.9.tgz",
          "dependencies": {
            "ms": {
              "version": "http://registry.npm.taobao.org/ms/download/ms-2.0.0.tgz",
              "bundled": true
            }
          }
        },
        "depd": {
          "version": "http://registry.npm.taobao.org/depd/download/depd-1.1.2.tgz"
        },
        "http-errors": {
          "version": "http://registry.npm.taobao.org/http-errors/download/http-errors-1.6.3.tgz",
          "dependencies": {
            "depd": {
              "version": "http://registry.npm.taobao.org/depd/download/depd-1.1.2.tgz",
              "bundled": true
            },
            "inherits": {
              "version": "http://registry.npm.taobao.org/inherits/download/inherits-2.0.3.tgz",
              "bundled": true
            },
            "setprototypeof": {
              "version": "http://registry.npm.taobao.org/setprototypeof/download/setprototypeof-1.1.0.tgz",
              "bundled": true
            },
            "statuses": {
              "version": "http://registry.npm.taobao.org/statuses/download/statuses-1.5.0.tgz",
              "bundled": true
            }
          }
        },
        "iconv-lite": {
          "version": "http://registry.npm.taobao.org/iconv-lite/download/iconv-lite-0.4.23.tgz"
        },
        "on-finished": {
          "version": "http://registry.npm.taobao.org/on-finished/download/on-finished-2.3.0.tgz",
          "dependencies": {
            "ee-first": {
              "version": "http://registry.npm.taobao.org/ee-first/download/ee-first-1.1.1.tgz"
            }
          }
        },
        "qs": {
          "version": "http://registry.npm.taobao.org/qs/download/qs-6.5.2.tgz"
        },
        "raw-body": {
          "version": "http://registry.npm.taobao.org/raw-body/download/raw-body-2.3.3.tgz"
        },
        "type-is": {
          "version": "http://registry.npm.taobao.org/type-is/download/type-is-1.6.16.tgz"
        }
      }
    },
    "buffer-writer": {
      "version": "1.0.1",
      "resolved": "http://registry.npm.taobao.org/buffer-writer/download/buffer-writer-1.0.1.tgz"
    },
    "cookie-parser": {
      "version": "1.4.3",
      "resolved": "http://registry.npm.taobao.org/cookie-parser/download/cookie-parser-1.4.3.tgz",
      "dependencies": {
        "cookie": {
          "version": "http://registry.npm.taobao.org/cookie/download/cookie-0.3.1.tgz"
        },
        "cookie-signature": {
          "version": "http://registry.npm.taobao.org/cookie-signature/download/cookie-signature-1.0.6.tgz"
        }
      }
    },
    "cors": {
      "version": "2.8.4",
      "resolved": "http://registry.npm.taobao.org/cors/download/cors-2.8.4.tgz",
      "dependencies": {
        "object-assign": {
          "version": "http://registry.npm.taobao.org/object-assign/download/object-assign-4.1.1.tgz",
          "bundled": true
        },
        "vary": {
          "version": "http://registry.npm.taobao.org/vary/download/vary-1.1.2.tgz",
          "bundled": true
        }
      }
    },
    "ejs": {
      "version": "2.6.1",
      "resolved": "http://registry.npm.taobao.org/ejs/download/ejs-2.6.1.tgz"
    },
    "express": {
      "version": "4.16.3",
      "resolved": "http://registry.npm.taobao.org/express/download/express-4.16.3.tgz",
      "dependencies": {
        "accepts": {
          "version": "http://registry.npm.taobao.org/accepts/download/accepts-1.3.5.tgz",
          "bundled": true,
          "dependencies": {
            "mime-types": {
              "version": "http://registry.npm.taobao.org/mime-types/download/mime-types-2.1.18.tgz",
              "dependencies": {
                "mime-db": {
                  "version": "http://registry.npm.taobao.org/mime-db/download/mime-db-1.33.0.tgz",
                  "bundled": true
                }
              }
            },
            "negotiator": {
              "version": "http://registry.npm.taobao.org/negotiator/download/negotiator-0.6.1.tgz"
            }
          }
        },
        "array-flatten": {
          "version": "http://registry.npm.taobao.org/array-flatten/download/array-flatten-1.1.1.tgz",
          "bundled": true
        },
        "body-parser": {
          "version": "http://registry.npm.taobao.org/body-parser/download/body-parser-1.18.2.tgz",
          "bundled": true,
          "dependencies": {
            "bytes": {
              "version": "http://registry.npm.taobao.org/bytes/download/bytes-3.0.0.tgz"
            },
            "content-type": {
              "version": "http://registry.npm.taobao.org/content-type/download/content-type-1.0.4.tgz"
            },
            "debug": {
              "version": "http://registry.npm.taobao.org/debug/download/debug-2.6.9.tgz",
              "dependencies": {
                "ms": {
                  "version": "http://registry.npm.taobao.org/ms/download/ms-2.0.0.tgz",
                  "bundled": true
                }
              }
            },
            "depd": {
              "version": "http://registry.npm.taobao.org/depd/download/depd-1.1.2.tgz"
            },
            "http-errors": {
              "version": "http://registry.npm.taobao.org/http-errors/download/http-errors-1.6.3.tgz"
            },
            "iconv-lite": {
              "version": "http://registry.npm.taobao.org/iconv-lite/download/iconv-lite-0.4.19.tgz"
            },
            "on-finished": {
              "version": "http://registry.npm.taobao.org/on-finished/download/on-finished-2.3.0.tgz",
              "dependencies": {
                "ee-first": {
                  "version": "http://registry.npm.taobao.org/ee-first/download/ee-first-1.1.1.tgz"
                }
              }
            },
            "qs": {
              "version": "http://registry.npm.taobao.org/qs/download/qs-6.5.1.tgz"
            },
            "raw-body": {
              "version": "http://registry.npm.taobao.org/raw-body/download/raw-body-2.3.2.tgz"
            },
            "type-is": {
              "version": "http://registry.npm.taobao.org/type-is/download/type-is-1.6.16.tgz",
              "dependencies": {
                "media-typer": {
                  "version": "http://registry.npm.taobao.org/media-typer/download/media-typer-0.3.0.tgz",
                  "bundled": true
                },
                "mime-types": {
                  "version": "http://registry.npm.taobao.org/mime-types/download/mime-types-2.1.18.tgz",
                  "bundled": true
                }
              }
            }
          }
        },
        "content-disposition": {
          "version": "http://registry.npm.taobao.org/content-disposition/download/content-disposition-0.5.2.tgz",
          "bundled": true
        },
        "content-type": {
          "version": "http://registry.npm.taobao.org/content-type/download/content-type-1.0.4.tgz",
          "bundled": true
        },
        "cookie": {
          "version": "http://registry.npm.taobao.org/cookie/download/cookie-0.3.1.tgz",
          "bundled": true
        },
        "cookie-signature": {
          "version": "http://registry.npm.taobao.org/cookie-signature/download/cookie-signature-1.0.6.tgz",
          "bundled": true
        },
        "debug": {
          "version": "http://registry.npm.taobao.org/debug/download/debug-2.6.9.tgz",
          "bundled": true,
          "dependencies": {
            "ms": {
              "version": "http://registry.npm.taobao.org/ms/download/ms-2.0.0.tgz",
              "bundled": true
            }
          }
        },
        "depd": {
          "version": "http://registry.npm.taobao.org/depd/download/depd-1.1.2.tgz",
          "bundled": true
        },
        "encodeurl": {
          "version": "http://registry.npm.taobao.org/encodeurl/download/encodeurl-1.0.2.tgz",
          "bundled": true
        },
        "escape-html": {
          "version": "http://registry.npm.taobao.org/escape-html/download/escape-html-1.0.3.tgz",
          "bundled": true
        },
        "etag": {
          "version": "http://registry.npm.taobao.org/etag/download/etag-1.8.1.tgz",
          "bundled": true
        },
        "finalhandler": {
          "version": "http://registry.npm.taobao.org/finalhandler/download/finalhandler-1.1.1.tgz",
          "bundled": true
        },
        "fresh": {
          "version": "http://registry.npm.taobao.org/fresh/download/fresh-0.5.2.tgz",
          "bundled": true
        },
        "merge-descriptors": {
          "version": "http://registry.npm.taobao.org/merge-descriptors/download/merge-descriptors-1.0.1.tgz",
          "bundled": true
        },
        "methods": {
          "version": "http://registry.npm.taobao.org/methods/download/methods-1.1.2.tgz",
          "bundled": true
        },
        "on-finished": {
          "version": "http://registry.npm.taobao.org/on-finished/download/on-finished-2.3.0.tgz",
          "bundled": true,
          "dependencies": {
            "ee-first": {
              "version": "http://registry.npm.taobao.org/ee-first/download/ee-first-1.1.1.tgz"
            }
          }
        },
        "parseurl": {
          "version": "http://registry.npm.taobao.org/parseurl/download/parseurl-1.3.2.tgz",
          "bundled": true
        },
        "path-to-regexp": {
          "version": "http://registry.npm.taobao.org/path-to-regexp/download/path-to-regexp-0.1.7.tgz",
          "bundled": true
        },
        "proxy-addr": {
          "version": "http://registry.npm.taobao.org/proxy-addr/download/proxy-addr-2.0.3.tgz",
          "bundled": true
        },
        "qs": {
          "version": "http://registry.npm.taobao.org/qs/download/qs-6.5.1.tgz",
          "bundled": true
        },
        "range-parser": {
          "version": "http://registry.npm.taobao.org/range-parser/download/range-parser-1.2.0.tgz",
          "bundled": true
        },
        "safe-buffer": {
          "version": "http://registry.npm.taobao.org/safe-buffer/download/safe-buffer-5.1.1.tgz",
          "bundled": true
        },
        "send": {
          "version": "http://registry.npm.taobao.org/send/download/send-0.16.2.tgz",
          "bundled": true
        },
        "serve-static": {
          "version": "http://registry.npm.taobao.org/serve-static/download/serve-static-1.13.2.tgz",
          "bundled": true
        },
        "setprototypeof": {
          "version": "http://registry.npm.taobao.org/setprototypeof/download/setprototypeof-1.1.0.tgz",
          "bundled": true
        },
        "statuses": {
          "version": "http://registry.npm.taobao.org/statuses/download/statuses-1.4.0.tgz",
          "bundled": true
        },
        "type-is": {
          "version": "http://registry.npm.taobao.org/type-is/download/type-is-1.6.16.tgz",
          "bundled": true,
          "dependencies": {
            "media-typer": {
              "version": "http://registry.npm.taobao.org/media-typer/download/media-typer-0.3.0.tgz",
              "bundled": true
            },
            "mime-types": {
              "version": "http://registry.npm.taobao.org/mime-types/download/mime-types-2.1.18.tgz",
              "bundled": true
            }
          }
        },
        "utils-merge": {
          "version": "http://registry.npm.taobao.org/utils-merge/download/utils-merge-1.0.1.tgz",
          "bundled": true
        },
        "vary": {
          "version": "http://registry.npm.taobao.org/vary/download/vary-1.1.2.tgz",
          "bundled": true
        }
      }
    },
    "express-session": {
      "version": "1.15.6",
      "resolved": "http://registry.npm.taobao.org/express-session/download/express-session-1.15.6.tgz",
      "dependencies": {
        "cookie": {
          "version": "http://registry.npm.taobao.org/cookie/download/cookie-0.3.1.tgz"
        },
        "cookie-signature": {
          "version": "http://registry.npm.taobao.org/cookie-signature/download/cookie-signature-1.0.6.tgz"
        },
        "crc": {
          "version": "http://registry.npm.taobao.org/crc/download/crc-3.4.4.tgz"
        },
        "debug": {
          "version": "http://registry.npm.taobao.org/debug/download/debug-2.6.9.tgz",
          "dependencies": {
            "ms": {
              "version": "http://registry.npm.taobao.org/ms/download/ms-2.0.0.tgz",
              "bundled": true
            }
          }
        },
        "depd": {
          "version": "http://registry.npm.taobao.org/depd/download/depd-1.1.2.tgz"
        },
        "on-headers": {
          "version": "http://registry.npm.taobao.org/on-headers/download/on-headers-1.0.1.tgz"
        },
        "parseurl": {
          "version": "http://registry.npm.taobao.org/parseurl/download/parseurl-1.3.2.tgz"
        },
        "uid-safe": {
          "version": "http://registry.npm.taobao.org/uid-safe/download/uid-safe-2.1.5.tgz"
        },
        "utils-merge": {
          "version": "http://registry.npm.taobao.org/utils-merge/download/utils-merge-1.0.1.tgz"
        }
      }
    },
    "morgan": {
      "version": "1.9.0",
      "resolved": "http://registry.npm.taobao.org/morgan/download/morgan-1.9.0.tgz",
      "dependencies": {
        "basic-auth": {
          "version": "http://registry.npm.taobao.org/basic-auth/download/basic-auth-2.0.0.tgz"
        },
        "debug": {
          "version": "http://registry.npm.taobao.org/debug/download/debug-2.6.9.tgz",
          "dependencies": {
            "ms": {
              "version": "http://registry.npm.taobao.org/ms/download/ms-2.0.0.tgz",
              "bundled": true
            }
          }
        },
        "depd": {
          "version": "http://registry.npm.taobao.org/depd/download/depd-1.1.2.tgz"
        },
        "on-finished": {
          "version": "http://registry.npm.taobao.org/on-finished/download/on-finished-2.3.0.tgz",
          "dependencies": {
            "ee-first": {
              "version": "http://registry.npm.taobao.org/ee-first/download/ee-first-1.1.1.tgz"
            }
          }
        },
        "on-headers": {
          "version": "http://registry.npm.taobao.org/on-headers/download/on-headers-1.0.1.tgz"
        }
      }
    },
    "pg": {
      "version": "7.4.3",
      "resolved": "https://registry.npmjs.org/pg/-/pg-7.4.3.tgz",
      "integrity": "sha1-97b5P1NA7MJZavu5ShPj1rYJg0s=",
      "requires": {
        "buffer-writer": "1.0.1",
        "packet-reader": "0.3.1",
        "pg-connection-string": "0.1.3",
        "pg-pool": "~2.0.3",
        "pg-types": "~1.12.1",
        "pgpass": "1.x"
      },
      "dependencies": {
        "packet-reader": {
          "version": "0.3.1",
          "resolved": "https://registry.npmjs.org/packet-reader/-/packet-reader-0.3.1.tgz",
          "integrity": "sha1-zWLmCvjX/qinBexP+ZCHHEaHHyc="
        },
        "pg-types": {
          "version": "1.12.1",
          "resolved": "https://registry.npmjs.org/pg-types/-/pg-types-1.12.1.tgz",
          "integrity": "sha1-1kCH45A7WP+q0nnnWVxSIIoUw9I=",
          "requires": {
            "postgres-array": "~1.0.0",
            "postgres-bytea": "~1.0.0",
            "postgres-date": "~1.0.0",
            "postgres-interval": "^1.1.0"
          }
        },
        "pgpass": {
          "version": "1.0.2",
          "resolved": "https://registry.npmjs.org/pgpass/-/pgpass-1.0.2.tgz",
          "integrity": "sha1-Knu0G2BltnkH6R2hsHwYR8h3swY=",
          "requires": {
            "split": "^1.0.0"
          }
        },
        "postgres-interval": {
          "version": "1.1.1",
          "resolved": "https://registry.npmjs.org/postgres-interval/-/postgres-interval-1.1.1.tgz",
          "integrity": "sha512-OkuCi9t/3CZmeQreutGgx/OVNv9MKHGIT5jH8KldQ4NLYXkvmT9nDVxEuCENlNwhlGPE374oA/xMqn05G49pHA==",
          "requires": {
            "xtend": "^4.0.0"
          }
        },
        "split": {
          "version": "1.0.1",
          "resolved": "https://registry.npmjs.org/split/-/split-1.0.1.tgz",
          "integrity": "sha512-mTyOoPbrivtXnwnIxZRFYRrPNtEFKlpB2fvjSnCQUiAA6qAZzqwna5envK4uk6OIeP17CsdF3rSBGYVBsU0Tkg==",
          "requires": {
            "through": "2"
          }
        },
        "xtend": {
          "version": "4.0.1",
          "resolved": "https://registry.npmjs.org/xtend/-/xtend-4.0.1.tgz",
          "integrity": "sha1-pcbVMr5lbiPbgg77lDofBJmNY68="
        }
      }
    },
    "pg-connection-string": {
      "version": "0.1.3",
      "resolved": "http://registry.npm.taobao.org/pg-connection-string/download/pg-connection-string-0.1.3.tgz"
    },
    "pg-pool": {
      "version": "2.0.3",
      "resolved": "http://registry.npm.taobao.org/pg-pool/download/pg-pool-2.0.3.tgz"
    },
    "postgres-array": {
      "version": "1.0.2",
      "resolved": "http://registry.npm.taobao.org/postgres-array/download/postgres-array-1.0.2.tgz"
    },
    "postgres-bytea": {
      "version": "1.0.0",
      "resolved": "http://registry.npm.taobao.org/postgres-bytea/download/postgres-bytea-1.0.0.tgz"
    },
    "postgres-date": {
      "version": "1.0.3",
      "resolved": "http://registry.npm.taobao.org/postgres-date/download/postgres-date-1.0.3.tgz"
    },
    "pug": {
      "version": "2.0.3",
      "resolved": "http://registry.npm.taobao.org/pug/download/pug-2.0.3.tgz",
      "dependencies": {
        "pug-code-gen": {
          "version": "http://registry.npm.taobao.org/pug-code-gen/download/pug-code-gen-2.0.1.tgz"
        },
        "pug-filters": {
          "version": "http://registry.npm.taobao.org/pug-filters/download/pug-filters-3.1.0.tgz"
        },
        "pug-lexer": {
          "version": "http://registry.npm.taobao.org/pug-lexer/download/pug-lexer-4.0.0.tgz"
        },
        "pug-linker": {
          "version": "http://registry.npm.taobao.org/pug-linker/download/pug-linker-3.0.5.tgz"
        },
        "pug-load": {
          "version": "http://registry.npm.taobao.org/pug-load/download/pug-load-2.0.11.tgz"
        },
        "pug-parser": {
          "version": "http://registry.npm.taobao.org/pug-parser/download/pug-parser-5.0.0.tgz"
        },
        "pug-runtime": {
          "version": "http://registry.npm.taobao.org/pug-runtime/download/pug-runtime-2.0.4.tgz"
        },
        "pug-strip-comments": {
          "version": "http://registry.npm.taobao.org/pug-strip-comments/download/pug-strip-comments-1.0.3.tgz"
        }
      }
    },
    "request": {
      "version": "2.87.0",
      "resolved": "http://registry.npm.taobao.org/request/download/request-2.87.0.tgz",
      "dev": true,
      "dependencies": {
        "aws-sign2": {
          "version": "http://registry.npm.taobao.org/aws-sign2/download/aws-sign2-0.7.0.tgz",
          "bundled": true
        },
        "aws4": {
          "version": "http://registry.npm.taobao.org/aws4/download/aws4-1.7.0.tgz",
          "bundled": true
        },
        "caseless": {
          "version": "http://registry.npm.taobao.org/caseless/download/caseless-0.12.0.tgz",
          "bundled": true
        },
        "combined-stream": {
          "version": "http://registry.npm.taobao.org/combined-stream/download/combined-stream-1.0.6.tgz",
          "bundled": true,
          "dependencies": {
            "delayed-stream": {
              "version": "http://registry.npm.taobao.org/delayed-stream/download/delayed-stream-1.0.0.tgz"
            }
          }
        },
        "extend": {
          "version": "http://registry.npm.taobao.org/extend/download/extend-3.0.1.tgz",
          "bundled": true
        },
        "forever-agent": {
          "version": "http://registry.npm.taobao.org/forever-agent/download/forever-agent-0.6.1.tgz",
          "bundled": true
        },
        "form-data": {
          "version": "http://registry.npm.taobao.org/form-data/download/form-data-2.3.2.tgz",
          "bundled": true,
          "dependencies": {
            "asynckit": {
              "version": "http://registry.npm.taobao.org/asynckit/download/asynckit-0.4.0.tgz"
            },
            "combined-stream": {
              "version": "http://registry.npm.taobao.org/combined-stream/download/combined-stream-1.0.6.tgz"
            },
            "mime-types": {
              "version": "http://registry.npm.taobao.org/mime-types/download/mime-types-2.1.18.tgz",
              "dependencies": {
                "mime-db": {
                  "version": "http://registry.npm.taobao.org/mime-db/download/mime-db-1.33.0.tgz",
                  "bundled": true
                }
              }
            }
          }
        },
        "har-validator": {
          "version": "http://registry.npm.taobao.org/har-validator/download/har-validator-5.0.3.tgz",
          "bundled": true
        },
        "http-signature": {
          "version": "http://registry.npm.taobao.org/http-signature/download/http-signature-1.2.0.tgz",
          "bundled": true
        },
        "is-typedarray": {
          "version": "http://registry.npm.taobao.org/is-typedarray/download/is-typedarray-1.0.0.tgz",
          "bundled": true
        },
        "isstream": {
          "version": "http://registry.npm.taobao.org/isstream/download/isstream-0.1.2.tgz",
          "bundled": true
        },
        "json-stringify-safe": {
          "version": "http://registry.npm.taobao.org/json-stringify-safe/download/json-stringify-safe-5.0.1.tgz",
          "bundled": true
        },
        "mime-types": {
          "version": "http://registry.npm.taobao.org/mime-types/download/mime-types-2.1.18.tgz",
          "bundled": true,
          "dependencies": {
            "mime-db": {
              "version": "http://registry.npm.taobao.org/mime-db/download/mime-db-1.33.0.tgz",
              "bundled": true
            }
          }
        },
        "oauth-sign": {
          "version": "http://registry.npm.taobao.org/oauth-sign/download/oauth-sign-0.8.2.tgz",
          "bundled": true
        },
        "performance-now": {
          "version": "http://registry.npm.taobao.org/performance-now/download/performance-now-2.1.0.tgz",
          "bundled": true
        },
        "qs": {
          "version": "http://registry.npm.taobao.org/qs/download/qs-6.5.2.tgz",
          "bundled": true
        },
        "safe-buffer": {
          "version": "http://registry.npm.taobao.org/safe-buffer/download/safe-buffer-5.1.2.tgz",
          "bundled": true
        },
        "tough-cookie": {
          "version": "http://registry.npm.taobao.org/tough-cookie/download/tough-cookie-2.3.4.tgz",
          "bundled": true
        },
        "tunnel-agent": {
          "version": "http://registry.npm.taobao.org/tunnel-agent/download/tunnel-agent-0.6.0.tgz",
          "bundled": true
        },
        "uuid": {
          "version": "http://registry.npm.taobao.org/uuid/download/uuid-3.3.2.tgz",
          "bundled": true
        }
      }
    },
    "tape": {
      "version": "4.9.1",
      "resolved": "http://registry.npm.taobao.org/tape/download/tape-4.9.1.tgz",
      "dev": true,
      "requires": {
        "through": "~2.3.8"
      },
      "dependencies": {
        "deep-equal": {
          "version": "http://registry.npm.taobao.org/deep-equal/download/deep-equal-1.0.1.tgz",
          "bundled": true
        },
        "defined": {
          "version": "http://registry.npm.taobao.org/defined/download/defined-1.0.0.tgz",
          "bundled": true
        },
        "for-each": {
          "version": "http://registry.npm.taobao.org/for-each/download/for-each-0.3.3.tgz",
          "bundled": true
        },
        "function-bind": {
          "version": "http://registry.npm.taobao.org/function-bind/download/function-bind-1.1.1.tgz",
          "bundled": true
        },
        "glob": {
          "version": "http://registry.npm.taobao.org/glob/download/glob-7.1.2.tgz",
          "bundled": true,
          "dependencies": {
            "fs.realpath": {
              "version": "http://registry.npm.taobao.org/fs.realpath/download/fs.realpath-1.0.0.tgz"
            },
            "inflight": {
              "version": "http://registry.npm.taobao.org/inflight/download/inflight-1.0.6.tgz"
            },
            "inherits": {
              "version": "http://registry.npm.taobao.org/inherits/download/inherits-2.0.3.tgz"
            },
            "minimatch": {
              "version": "http://registry.npm.taobao.org/minimatch/download/minimatch-3.0.4.tgz",
              "dependencies": {
                "brace-expansion": {
                  "version": "http://registry.npm.taobao.org/brace-expansion/download/brace-expansion-1.1.11.tgz"
                }
              }
            },
            "once": {
              "version": "http://registry.npm.taobao.org/once/download/once-1.4.0.tgz",
              "dependencies": {
                "wrappy": {
                  "version": "http://registry.npm.taobao.org/wrappy/download/wrappy-1.0.2.tgz",
                  "bundled": true
                }
              }
            },
            "path-is-absolute": {
              "version": "http://registry.npm.taobao.org/path-is-absolute/download/path-is-absolute-1.0.1.tgz"
            }
          }
        },
        "has": {
          "version": "http://registry.npm.taobao.org/has/download/has-1.0.3.tgz",
          "bundled": true
        },
        "inherits": {
          "version": "http://registry.npm.taobao.org/inherits/download/inherits-2.0.3.tgz",
          "bundled": true
        },
        "minimist": {
          "version": "http://registry.npm.taobao.org/minimist/download/minimist-1.2.0.tgz",
          "bundled": true
        },
        "object-inspect": {
          "version": "http://registry.npm.taobao.org/object-inspect/download/object-inspect-1.6.0.tgz",
          "bundled": true
        },
        "resolve": {
          "version": "http://registry.npm.taobao.org/resolve/download/resolve-1.7.1.tgz",
          "bundled": true
        },
        "resumer": {
          "version": "http://registry.npm.taobao.org/resumer/download/resumer-0.0.0.tgz",
          "bundled": true
        },
        "string.prototype.trim": {
          "version": "http://registry.npm.taobao.org/string.prototype.trim/download/string.prototype.trim-1.1.2.tgz",
          "bundled": true,
          "dependencies": {
            "define-properties": {
              "version": "http://registry.npm.taobao.org/define-properties/download/define-properties-1.1.2.tgz",
              "bundled": true
            },
            "es-abstract": {
              "version": "http://registry.npm.taobao.org/es-abstract/download/es-abstract-1.12.0.tgz",
              "bundled": true,
              "dependencies": {
                "es-to-primitive": {
                  "version": "http://registry.npm.taobao.org/es-to-primitive/download/es-to-primitive-1.1.1.tgz"
                },
                "function-bind": {
                  "version": "http://registry.npm.taobao.org/function-bind/download/function-bind-1.1.1.tgz"
                },
                "has": {
                  "version": "http://registry.npm.taobao.org/has/download/has-1.0.3.tgz",
                  "dependencies": {
                    "function-bind": {
                      "version": "http://registry.npm.taobao.org/function-bind/download/function-bind-1.1.1.tgz"
                    }
                  }
                },
                "is-callable": {
                  "version": "http://registry.npm.taobao.org/is-callable/download/is-callable-1.1.3.tgz"
                },
                "is-regex": {
                  "version": "http://registry.npm.taobao.org/is-regex/download/is-regex-1.0.4.tgz",
                  "dependencies": {
                    "has": {
                      "version": "http://registry.npm.taobao.org/has/download/has-1.0.3.tgz",
                      "dependencies": {
                        "function-bind": {
                          "version": "http://registry.npm.taobao.org/function-bind/download/function-bind-1.1.1.tgz"
                        }
                      }
                    }
                  }
                }
              }
            },
            "function-bind": {
              "version": "http://registry.npm.taobao.org/function-bind/download/function-bind-1.1.1.tgz",
              "bundled": true
            }
          }
        },
        "through": {
          "version": "http://registry.npm.taobao.org/through/download/through-2.3.8.tgz",
          "bundled": true
        }
      }
    },
    "through": {
      "version": "2.3.8",
      "resolved": "http://registry.npm.taobao.org/through/download/through-2.3.8.tgz"
    }
  }
}
